<?xml version="1.0" encoding="utf-8"?>
<Project ToolsVersion="4.0" xmlns="http://schemas.microsoft.com/developer/msbuild/2003">
  <ItemGroup>
    <Filter Include="Power">
      <UniqueIdentifier>{328EE50D-9EA2-0DBF-6724-B11ED3F709F0}</UniqueIdentifier>
    </Filter>
    <Filter Include="Power\Events">
      <UniqueIdentifier>{D60DAB4E-C270-3AF3-6BF6-72A957380676}</UniqueIdentifier>
    </Filter>
  </ItemGroup>
  <ItemGroup>
    <ClInclude Include="src\Power.h" />
    <ClInclude Include="src\Power\Applikation.h">
      <Filter>Power</Filter>
    </ClInclude>
    <ClInclude Include="src\Power\Core.h">
      <Filter>Power</Filter>
    </ClInclude>
    <ClInclude Include="src\Power\EntryPoint.h">
      <Filter>Power</Filter>
    </ClInclude>
    <ClInclude Include="src\Power\Events\ApplicationEvent.h">
      <Filter>Power\Events</Filter>
    </ClInclude>
    <ClInclude Include="src\Power\Events\Event.h">
      <Filter>Power\Events</Filter>
    </ClInclude>
    <ClInclude Include="src\Power\Events\KeyEvent.h">
      <Filter>Power\Events</Filter>
    </ClInclude>
    <ClInclude Include="src\Power\Events\MouseEvent.h">
      <Filter>Power\Events</Filter>
    </ClInclude>
    <ClInclude Include="src\Power\Log.h">
      <Filter>Power</Filter>
    </ClInclude>
    <ClInclude Include="src\pwpch.h" />
  </ItemGroup>
  <ItemGroup>
    <ClCompile Include="src\Power\Applikation.cpp">
      <Filter>Power</Filter>
    </ClCompile>
    <ClCompile Include="src\Power\Log.cpp">
      <Filter>Power</Filter>
    </ClCompile>
    <ClCompile Include="src\pwpch.cpp" />
  </ItemGroup>
</Project>